
Microsoft Visual Studio Solution File, Format Version 12.00
# Visual Studio Version 17
VisualStudioVersion = 17.0.31903.59
MinimumVisualStudioVersion = 10.0.40219.1
Project("{FAE04EC0-301F-11D3-BF4B-00C04F79EFBC}") = "minimal-api", "Minimal-API\minimal-api.csproj", "{9D32ABAE-0F31-48B5-BD83-03E0B783DF47}"
EndProject
Project("{FAE04EC0-301F-11D3-BF4B-00C04F79EFBC}") = "Test", "Test\Test.csproj", "{02BE0E2B-8D52-493F-BA91-227C7713EF24}"
EndProject
Global
	GlobalSection(SolutionConfigurationPlatforms) = preSolution
		Debug|Any CPU = Debug|Any CPU
		Release|Any CPU = Release|Any CPU
	EndGlobalSection
	GlobalSection(SolutionProperties) = preSolution
		HideSolutionNode = FALSE
	EndGlobalSection
	GlobalSection(ProjectConfigurationPlatforms) = postSolution
		{9D32ABAE-0F31-48B5-BD83-03E0B783DF47}.Debug|Any CPU.ActiveCfg = Debug|Any CPU
		{9D32ABAE-0F31-48B5-BD83-03E0B783DF47}.Debug|Any CPU.Build.0 = Debug|Any CPU
		{9D32ABAE-0F31-48B5-BD83-03E0B783DF47}.Release|Any CPU.ActiveCfg = Release|Any CPU
		{9D32ABAE-0F31-48B5-BD83-03E0B783DF47}.Release|Any CPU.Build.0 = Release|Any CPU
		{02BE0E2B-8D52-493F-BA91-227C7713EF24}.Debug|Any CPU.ActiveCfg = Debug|Any CPU
		{02BE0E2B-8D52-493F-BA91-227C7713EF24}.Debug|Any CPU.Build.0 = Debug|Any CPU
		{02BE0E2B-8D52-493F-BA91-227C7713EF24}.Release|Any CPU.ActiveCfg = Release|Any CPU
		{02BE0E2B-8D52-493F-BA91-227C7713EF24}.Release|Any CPU.Build.0 = Release|Any CPU
	EndGlobalSection
EndGlobal
